
Microsoft Visual Studio Solution File, Format Version 12.00
# Visual Studio Version 17
VisualStudioVersion = 17.4.32916.344
MinimumVisualStudioVersion = 10.0.40219.1
Project("{8BC9CEB8-8B4A-11D0-8D11-00A0C91BC942}") = "OOP_Lab5", "OOP_Lab5\OOP_Lab5.vcxproj", "{CBD842BD-37DD-46C2-BF0B-FC9C7ECD6569}"
EndProject
Global
	GlobalSection(SolutionConfigurationPlatforms) = preSolution
		Debug|x64 = Debug|x64
		Debug|x86 = Debug|x86
		Release|x64 = Release|x64
		Release|x86 = Release|x86
	EndGlobalSection
	GlobalSection(ProjectConfigurationPlatforms) = postSolution
		{CBD842BD-37DD-46C2-BF0B-FC9C7ECD6569}.Debug|x64.ActiveCfg = Debug|x64
		{CBD842BD-37DD-46C2-BF0B-FC9C7ECD6569}.Debug|x64.Build.0 = Debug|x64
		{CBD842BD-37DD-46C2-BF0B-FC9C7ECD6569}.Debug|x86.ActiveCfg = Debug|Win32
		{CBD842BD-37DD-46C2-BF0B-FC9C7ECD6569}.Debug|x86.Build.0 = Debug|Win32
		{CBD842BD-37DD-46C2-BF0B-FC9C7ECD6569}.Release|x64.ActiveCfg = Release|x64
		{CBD842BD-37DD-46C2-BF0B-FC9C7ECD6569}.Release|x64.Build.0 = Release|x64
		{CBD842BD-37DD-46C2-BF0B-FC9C7ECD6569}.Release|x86.ActiveCfg = Release|Win32
		{CBD842BD-37DD-46C2-BF0B-FC9C7ECD6569}.Release|x86.Build.0 = Release|Win32
	EndGlobalSection
	GlobalSection(SolutionProperties) = preSolution
		HideSolutionNode = FALSE
	EndGlobalSection
	GlobalSection(ExtensibilityGlobals) = postSolution
		SolutionGuid = {14292E1F-B791-485C-B7B5-FC05C048F9CF}
	EndGlobalSection
EndGlobal
